// !$*UTF8*$!
{
	archiveVersion = 1;
	classes = {
	};
	objectVersion = 46;
	objects = {

/* Begin PBXBuildFile section */
		02AEAE831DDBD00700D1C7B5 /* team.cpp in Sources */ = {isa = PBXBuildFile; fileRef = 02AEAE811DDBD00700D1C7B5 /* team.cpp */; };
		02AEAE851DDBD02B00D1C7B5 /* main.cpp in Sources */ = {isa = PBXBuildFile; fileRef = 02AEAE841DDBD02B00D1C7B5 /* main.cpp */; };
/* End PBXBuildFile section */

/* Begin PBXCopyFilesBuildPhase section */
		02AEAE751DDBCFCB00D1C7B5 /* CopyFiles */ = {
			isa = PBXCopyFilesBuildPhase;
			buildActionMask = 2147483647;
			dstPath = /usr/share/man/man1/;
			dstSubfolderSpec = 0;
			files = (
			);
			runOnlyForDeploymentPostprocessing = 1;
		};
/* End PBXCopyFilesBuildPhase section */

/* Begin PBXFileReference section */
		025EEA0F1DDCF0AC00AE207E /* team.h */ = {isa = PBXFileReference; fileEncoding = 4; lastKnownFileType = sourcecode.c.h; path = team.h; sourceTree = "<group>"; };
		02AEAE771DDBCFCC00D1C7B5 /* lab12 */ = {isa = PBXFileReference; explicitFileType = "compiled.mach-o.executable"; includeInIndex = 0; path = lab12; sourceTree = BUILT_PRODUCTS_DIR; };
		02AEAE811DDBD00700D1C7B5 /* team.cpp */ = {isa = PBXFileReference; fileEncoding = 4; lastKnownFileType = sourcecode.cpp.cpp; path = team.cpp; sourceTree = "<group>"; };
		02AEAE841DDBD02B00D1C7B5 /* main.cpp */ = {isa = PBXFileReference; fileEncoding = 4; lastKnownFileType = sourcecode.cpp.cpp; path = main.cpp; sourceTree = "<group>"; };
		02AEAE871DDBD21C00D1C7B5 /* superhero.h */ = {isa = PBXFileReference; lastKnownFileType = sourcecode.c.h; path = superhero.h; sourceTree = "<group>"; };
/* End PBXFileReference section */

/* Begin PBXFrameworksBuildPhase section */
		02AEAE741DDBCFCB00D1C7B5 /* Frameworks */ = {
			isa = PBXFrameworksBuildPhase;
			buildActionMask = 2147483647;
			files = (
			);
			runOnlyForDeploymentPostprocessing = 0;
		};
/* End PBXFrameworksBuildPhase section */

/* Begin PBXGroup section */
		02AEAE6E1DDBCFCB00D1C7B5 = {
			isa = PBXGroup;
			children = (
				02AEAE791DDBCFCC00D1C7B5 /* lab12 */,
				02AEAE781DDBCFCC00D1C7B5 /* Products */,
			);
			sourceTree = "<group>";
		};
		02AEAE781DDBCFCC00D1C7B5 /* Products */ = {
			isa = PBXGroup;
			children = (
				02AEAE771DDBCFCC00D1C7B5 /* lab12 */,
			);
			name = Products;
			sourceTree = "<group>";
		};
		02AEAE791DDBCFCC00D1C7B5 /* lab12 */ = {
			isa = PBXGroup;
			children = (
				02AEAE841DDBD02B00D1C7B5 /* main.cpp */,
				02AEAE811DDBD00700D1C7B5 /* team.cpp */,
				025EEA0F1DDCF0AC00AE207E /* team.h */,
				02AEAE871DDBD21C00D1C7B5 /* superhero.h */,
			);
			path = lab12;
			sourceTree = "<group>";
		};
/* End PBXGroup section */

/* Begin PBXNativeTarget section */
		02AEAE761DDBCFCB00D1C7B5 /* lab12 */ = {
			isa = PBXNativeTarget;
			buildConfigurationList = 02AEAE7E1DDBCFCC00D1C7B5 /* Build configuration list for PBXNativeTarget "lab12" */;
			buildPhases = (
				02AEAE731DDBCFCB00D1C7B5 /* Sources */,
				02AEAE741DDBCFCB00D1C7B5 /* Frameworks */,
				02AEAE751DDBCFCB00D1C7B5 /* CopyFiles */,
			);
			buildRules = (
			);
			dependencies = (
			);
			name = lab12;
			productName = lab12;
			productReference = 02AEAE771DDBCFCC00D1C7B5 /* lab12 */;
			productType = "com.apple.product-type.tool";
		};
/* End PBXNativeTarget section */

/* Begin PBXProject section */
		02AEAE6F1DDBCFCB00D1C7B5 /* Project object */ = {
			isa = PBXProject;
			attributes = {
				LastUpgradeCheck = 0810;
				ORGANIZATIONNAME = "KEXIN ZHU";
				TargetAttributes = {
					02AEAE761DDBCFCB00D1C7B5 = {
						CreatedOnToolsVersion = 8.1;
						ProvisioningStyle = Automatic;
					};
				};
			};
			buildConfigurationList = 02AEAE721DDBCFCB00D1C7B5 /* Build configuration list for PBXProject "lab12" */;
			compatibilityVersion = "Xcode 3.2";
			developmentRegion = English;
			hasScannedForEncodings = 0;
			knownRegions = (
				en,
			);
			mainGroup = 02AEAE6E1DDBCFCB00D1C7B5;
			productRefGroup = 02AEAE781DDBCFCC00D1C7B5 /* Products */;
			projectDirPath = "";
			projectRoot = "";
			targets = (
				02AEAE761DDBCFCB00D1C7B5 /* lab12 */,
			);
		};
/* End PBXProject section */

/* Begin PBXSourcesBuildPhase section */
		02AEAE731DDBCFCB00D1C7B5 /* Sources */ = {
			isa = PBXSourcesBuildPhase;
			buildActionMask = 2147483647;
			files = (
				02AEAE851DDBD02B00D1C7B5 /* main.cpp in Sources */,
				02AEAE831DDBD00700D1C7B5 /* team.cpp in Sources */,
			);
			runOnlyForDeploymentPostprocessing = 0;
		};
/* End PBXSourcesBuildPhase section */

/* Begin XCBuildConfiguration section */
		02AEAE7C1DDBCFCC00D1C7B5 /* Debug */ = {
			isa = XCBuildConfiguration;
			buildSettings = {
				ALWAYS_SEARCH_USER_PATHS = NO;
				CLANG_ANALYZER_NONNULL = YES;
				CLANG_CXX_LANGUAGE_STANDARD = "gnu++0x";
				CLANG_CXX_LIBRARY = "libc++";
				CLANG_ENABLE_MODULES = YES;
				CLANG_ENABLE_OBJC_ARC = YES;
				CLANG_WARN_BOOL_CONVERSION = YES;
				CLANG_WARN_CONSTANT_CONVERSION = YES;
				CLANG_WARN_DIRECT_OBJC_ISA_USAGE = YES_ERROR;
				CLANG_WARN_DOCUMENTATION_COMMENTS = YES;
				CLANG_WARN_EMPTY_BODY = YES;
				CLANG_WARN_ENUM_CONVERSION = YES;
				CLANG_WARN_INFINITE_RECURSION = YES;
				CLANG_WARN_INT_CONVERSION = YES;
				CLANG_WARN_OBJC_ROOT_CLASS = YES_ERROR;
				CLANG_WARN_SUSPICIOUS_MOVES = YES;
				CLANG_WARN_UNREACHABLE_CODE = YES;
				CLANG_WARN__DUPLICATE_METHOD_MATCH = YES;
				CODE_SIGN_IDENTITY = "-";
				COPY_PHASE_STRIP = NO;
				DEBUG_INFORMATION_FORMAT = dwarf;
				ENABLE_STRICT_OBJC_MSGSEND = YES;
				ENABLE_TESTABILITY = YES;
				GCC_C_LANGUAGE_STANDARD = gnu99;
				GCC_DYNAMIC_NO_PIC = NO;
				GCC_NO_COMMON_BLOCKS = YES;
				GCC_OPTIMIZATION_LEVEL = 0;
				GCC_PREPROCESSOR_DEFINITIONS = (
					"DEBUG=1",
					"$(inherited)",
				);
				GCC_WARN_64_TO_32_BIT_CONVERSION = YES;
				GCC_WARN_ABOUT_RETURN_TYPE = YES_ERROR;
				GCC_WARN_UNDECLARED_SELECTOR = YES;
				GCC_WARN_UNINITIALIZED_AUTOS = YES_AGGRESSIVE;
				GCC_WARN_UNUSED_FUNCTION = YES;
				GCC_WARN_UNUSED_VARIABLE = YES;
				MACOSX_DEPLOYMENT_TARGET = 10.12;
				MTL_ENABLE_DEBUG_INFO = YES;
				ONLY_ACTIVE_ARCH = YES;
				SDKROOT = macosx;
			};
			name = Debug;
		};
		02AEAE7D1DDBCFCC00D1C7B5 /* Release */ = {
			isa = XCBuildConfiguration;
			buildSettings = {
				ALWAYS_SEARCH_USER_PATHS = NO;
				CLANG_ANALYZER_NONNULL = YES;
				CLANG_CXX_LANGUAGE_STANDARD = "gnu++0x";
				CLANG_CXX_LIBRARY = "libc++";
				CLANG_ENABLE_MODULES = YES;
				CLANG_ENABLE_OBJC_ARC = YES;
				CLANG_WARN_BOOL_CONVERSION = YES;
				CLANG_WARN_CONSTANT_CONVERSION = YES;
				CLANG_WARN_DIRECT_OBJC_ISA_USAGE = YES_ERROR;
				CLANG_WARN_DOCUMENTATION_COMMENTS = YES;
				CLANG_WARN_EMPTY_BODY = YES;
				CLANG_WARN_ENUM_CONVERSION = YES;
				CLANG_WARN_INFINITE_RECURSION = YES;
				CLANG_WARN_INT_CONVERSION = YES;
				CLANG_WARN_OBJC_ROOT_CLASS = YES_ERROR;
				CLANG_WARN_SUSPICIOUS_MOVES = YES;
				CLANG_WARN_UNREACHABLE_CODE = YES;
				CLANG_WARN__DUPLICATE_METHOD_MATCH = YES;
				CODE_SIGN_IDENTITY = "-";
				COPY_PHASE_STRIP = NO;
				DEBUG_INFORMATION_FORMAT = "dwarf-with-dsym";
				ENABLE_NS_ASSERTIONS = NO;
				ENABLE_STRICT_OBJC_MSGSEND = YES;
				GCC_C_LANGUAGE_STANDARD = gnu99;
				GCC_NO_COMMON_BLOCKS = YES;
				GCC_WARN_64_TO_32_BIT_CONVERSION = YES;
				GCC_WARN_ABOUT_RETURN_TYPE = YES_ERROR;
				GCC_WARN_UNDECLARED_SELECTOR = YES;
				GCC_WARN_UNINITIALIZED_AUTOS = YES_AGGRESSIVE;
				GCC_WARN_UNUSED_FUNCTION = YES;
				GCC_WARN_UNUSED_VARIABLE = YES;
				MACOSX_DEPLOYMENT_TARGET = 10.12;
				MTL_ENABLE_DEBUG_INFO = NO;
				SDKROOT = macosx;
			};
			name = Release;
		};
		02AEAE7F1DDBCFCC00D1C7B5 /* Debug */ = {
			isa = XCBuildConfiguration;
			buildSettings = {
				PRODUCT_NAME = "$(TARGET_NAME)";
			};
			name = Debug;
		};
		02AEAE801DDBCFCC00D1C7B5 /* Release */ = {
			isa = XCBuildConfiguration;
			buildSettings = {
				PRODUCT_NAME = "$(TARGET_NAME)";
			};
			name = Release;
		};
/* End XCBuildConfiguration section */

/* Begin XCConfigurationList section */
		02AEAE721DDBCFCB00D1C7B5 /* Build configuration list for PBXProject "lab12" */ = {
			isa = XCConfigurationList;
			buildConfigurations = (
				02AEAE7C1DDBCFCC00D1C7B5 /* Debug */,
				02AEAE7D1DDBCFCC00D1C7B5 /* Release */,
			);
			defaultConfigurationIsVisible = 0;
			defaultConfigurationName = Release;
		};
		02AEAE7E1DDBCFCC00D1C7B5 /* Build configuration list for PBXNativeTarget "lab12" */ = {
			isa = XCConfigurationList;
			buildConfigurations = (
				02AEAE7F1DDBCFCC00D1C7B5 /* Debug */,
				02AEAE801DDBCFCC00D1C7B5 /* Release */,
			);
			defaultConfigurationIsVisible = 0;
			defaultConfigurationName = Release;
		};
/* End XCConfigurationList section */
	};
	rootObject = 02AEAE6F1DDBCFCB00D1C7B5 /* Project object */;
}
