// !$*UTF8*$!
{
	archiveVersion = 1;
	classes = {
	};
	objectVersion = 46;
	objects = {

/* Begin PBXBuildFile section */
		027C33F71D89C89200FA35CB /* time.cpp in Sources */ = {isa = PBXBuildFile; fileRef = 027C33F51D89C89200FA35CB /* time.cpp */; };
		02CD3D881D88C4CC00B4CC4C /* main.cpp in Sources */ = {isa = PBXBuildFile; fileRef = 02CD3D871D88C4CC00B4CC4C /* main.cpp */; };
/* End PBXBuildFile section */

/* Begin PBXCopyFilesBuildPhase section */
		02CD3D821D88C4CC00B4CC4C /* CopyFiles */ = {
			isa = PBXCopyFilesBuildPhase;
			buildActionMask = 2147483647;
			dstPath = /usr/share/man/man1/;
			dstSubfolderSpec = 0;
			files = (
			);
			runOnlyForDeploymentPostprocessing = 1;
		};
/* End PBXCopyFilesBuildPhase section */

/* Begin PBXFileReference section */
		027C33F51D89C89200FA35CB /* time.cpp */ = {isa = PBXFileReference; fileEncoding = 4; lastKnownFileType = sourcecode.cpp.cpp; name = time.cpp; path = ../../lab2/time.cpp; sourceTree = "<group>"; };
		027C33F61D89C89200FA35CB /* time.h */ = {isa = PBXFileReference; fileEncoding = 4; lastKnownFileType = sourcecode.c.h; name = time.h; path = ../../lab2/time.h; sourceTree = "<group>"; };
		02CD3D841D88C4CC00B4CC4C /* lab3 chk2 */ = {isa = PBXFileReference; explicitFileType = "compiled.mach-o.executable"; includeInIndex = 0; path = "lab3 chk2"; sourceTree = BUILT_PRODUCTS_DIR; };
		02CD3D871D88C4CC00B4CC4C /* main.cpp */ = {isa = PBXFileReference; lastKnownFileType = sourcecode.cpp.cpp; path = main.cpp; sourceTree = "<group>"; };
/* End PBXFileReference section */

/* Begin PBXFrameworksBuildPhase section */
		02CD3D811D88C4CC00B4CC4C /* Frameworks */ = {
			isa = PBXFrameworksBuildPhase;
			buildActionMask = 2147483647;
			files = (
			);
			runOnlyForDeploymentPostprocessing = 0;
		};
/* End PBXFrameworksBuildPhase section */

/* Begin PBXGroup section */
		02CD3D7B1D88C4CC00B4CC4C = {
			isa = PBXGroup;
			children = (
				02CD3D861D88C4CC00B4CC4C /* lab3 chk2 */,
				02CD3D851D88C4CC00B4CC4C /* Products */,
			);
			sourceTree = "<group>";
		};
		02CD3D851D88C4CC00B4CC4C /* Products */ = {
			isa = PBXGroup;
			children = (
				02CD3D841D88C4CC00B4CC4C /* lab3 chk2 */,
			);
			name = Products;
			sourceTree = "<group>";
		};
		02CD3D861D88C4CC00B4CC4C /* lab3 chk2 */ = {
			isa = PBXGroup;
			children = (
				02CD3D871D88C4CC00B4CC4C /* main.cpp */,
				027C33F51D89C89200FA35CB /* time.cpp */,
				027C33F61D89C89200FA35CB /* time.h */,
			);
			path = "lab3 chk2";
			sourceTree = "<group>";
		};
/* End PBXGroup section */

/* Begin PBXNativeTarget section */
		02CD3D831D88C4CC00B4CC4C /* lab3 chk2 */ = {
			isa = PBXNativeTarget;
			buildConfigurationList = 02CD3D8B1D88C4CC00B4CC4C /* Build configuration list for PBXNativeTarget "lab3 chk2" */;
			buildPhases = (
				02CD3D801D88C4CC00B4CC4C /* Sources */,
				02CD3D811D88C4CC00B4CC4C /* Frameworks */,
				02CD3D821D88C4CC00B4CC4C /* CopyFiles */,
			);
			buildRules = (
			);
			dependencies = (
			);
			name = "lab3 chk2";
			productName = "lab3 chk2";
			productReference = 02CD3D841D88C4CC00B4CC4C /* lab3 chk2 */;
			productType = "com.apple.product-type.tool";
		};
/* End PBXNativeTarget section */

/* Begin PBXProject section */
		02CD3D7C1D88C4CC00B4CC4C /* Project object */ = {
			isa = PBXProject;
			attributes = {
				LastUpgradeCheck = 0730;
				ORGANIZATIONNAME = "KEXIN ZHU";
				TargetAttributes = {
					02CD3D831D88C4CC00B4CC4C = {
						CreatedOnToolsVersion = 7.3.1;
					};
				};
			};
			buildConfigurationList = 02CD3D7F1D88C4CC00B4CC4C /* Build configuration list for PBXProject "lab3 chk2" */;
			compatibilityVersion = "Xcode 3.2";
			developmentRegion = English;
			hasScannedForEncodings = 0;
			knownRegions = (
				en,
			);
			mainGroup = 02CD3D7B1D88C4CC00B4CC4C;
			productRefGroup = 02CD3D851D88C4CC00B4CC4C /* Products */;
			projectDirPath = "";
			projectRoot = "";
			targets = (
				02CD3D831D88C4CC00B4CC4C /* lab3 chk2 */,
			);
		};
/* End PBXProject section */

/* Begin PBXSourcesBuildPhase section */
		02CD3D801D88C4CC00B4CC4C /* Sources */ = {
			isa = PBXSourcesBuildPhase;
			buildActionMask = 2147483647;
			files = (
				027C33F71D89C89200FA35CB /* time.cpp in Sources */,
				02CD3D881D88C4CC00B4CC4C /* main.cpp in Sources */,
			);
			runOnlyForDeploymentPostprocessing = 0;
		};
/* End PBXSourcesBuildPhase section */

/* Begin XCBuildConfiguration section */
		02CD3D891D88C4CC00B4CC4C /* Debug */ = {
			isa = XCBuildConfiguration;
			buildSettings = {
				ALWAYS_SEARCH_USER_PATHS = NO;
				CLANG_ANALYZER_NONNULL = YES;
				CLANG_CXX_LANGUAGE_STANDARD = "gnu++0x";
				CLANG_CXX_LIBRARY = "libc++";
				CLANG_ENABLE_MODULES = YES;
				CLANG_ENABLE_OBJC_ARC = YES;
				CLANG_WARN_BOOL_CONVERSION = YES;
				CLANG_WARN_CONSTANT_CONVERSION = YES;
				CLANG_WARN_DIRECT_OBJC_ISA_USAGE = YES_ERROR;
				CLANG_WARN_EMPTY_BODY = YES;
				CLANG_WARN_ENUM_CONVERSION = YES;
				CLANG_WARN_INT_CONVERSION = YES;
				CLANG_WARN_OBJC_ROOT_CLASS = YES_ERROR;
				CLANG_WARN_UNREACHABLE_CODE = YES;
				CLANG_WARN__DUPLICATE_METHOD_MATCH = YES;
				CODE_SIGN_IDENTITY = "-";
				COPY_PHASE_STRIP = NO;
				DEBUG_INFORMATION_FORMAT = dwarf;
				ENABLE_STRICT_OBJC_MSGSEND = YES;
				ENABLE_TESTABILITY = YES;
				GCC_C_LANGUAGE_STANDARD = gnu99;
				GCC_DYNAMIC_NO_PIC = NO;
				GCC_NO_COMMON_BLOCKS = YES;
				GCC_OPTIMIZATION_LEVEL = 0;
				GCC_PREPROCESSOR_DEFINITIONS = (
					"DEBUG=1",
					"$(inherited)",
				);
				GCC_WARN_64_TO_32_BIT_CONVERSION = YES;
				GCC_WARN_ABOUT_RETURN_TYPE = YES_ERROR;
				GCC_WARN_UNDECLARED_SELECTOR = YES;
				GCC_WARN_UNINITIALIZED_AUTOS = YES_AGGRESSIVE;
				GCC_WARN_UNUSED_FUNCTION = YES;
				GCC_WARN_UNUSED_VARIABLE = YES;
				MACOSX_DEPLOYMENT_TARGET = 10.11;
				MTL_ENABLE_DEBUG_INFO = YES;
				ONLY_ACTIVE_ARCH = YES;
				SDKROOT = macosx;
			};
			name = Debug;
		};
		02CD3D8A1D88C4CC00B4CC4C /* Release */ = {
			isa = XCBuildConfiguration;
			buildSettings = {
				ALWAYS_SEARCH_USER_PATHS = NO;
				CLANG_ANALYZER_NONNULL = YES;
				CLANG_CXX_LANGUAGE_STANDARD = "gnu++0x";
				CLANG_CXX_LIBRARY = "libc++";
				CLANG_ENABLE_MODULES = YES;
				CLANG_ENABLE_OBJC_ARC = YES;
				CLANG_WARN_BOOL_CONVERSION = YES;
				CLANG_WARN_CONSTANT_CONVERSION = YES;
				CLANG_WARN_DIRECT_OBJC_ISA_USAGE = YES_ERROR;
				CLANG_WARN_EMPTY_BODY = YES;
				CLANG_WARN_ENUM_CONVERSION = YES;
				CLANG_WARN_INT_CONVERSION = YES;
				CLANG_WARN_OBJC_ROOT_CLASS = YES_ERROR;
				CLANG_WARN_UNREACHABLE_CODE = YES;
				CLANG_WARN__DUPLICATE_METHOD_MATCH = YES;
				CODE_SIGN_IDENTITY = "-";
				COPY_PHASE_STRIP = NO;
				DEBUG_INFORMATION_FORMAT = "dwarf-with-dsym";
				ENABLE_NS_ASSERTIONS = NO;
				ENABLE_STRICT_OBJC_MSGSEND = YES;
				GCC_C_LANGUAGE_STANDARD = gnu99;
				GCC_NO_COMMON_BLOCKS = YES;
				GCC_WARN_64_TO_32_BIT_CONVERSION = YES;
				GCC_WARN_ABOUT_RETURN_TYPE = YES_ERROR;
				GCC_WARN_UNDECLARED_SELECTOR = YES;
				GCC_WARN_UNINITIALIZED_AUTOS = YES_AGGRESSIVE;
				GCC_WARN_UNUSED_FUNCTION = YES;
				GCC_WARN_UNUSED_VARIABLE = YES;
				MACOSX_DEPLOYMENT_TARGET = 10.11;
				MTL_ENABLE_DEBUG_INFO = NO;
				SDKROOT = macosx;
			};
			name = Release;
		};
		02CD3D8C1D88C4CC00B4CC4C /* Debug */ = {
			isa = XCBuildConfiguration;
			buildSettings = {
				PRODUCT_NAME = "$(TARGET_NAME)";
			};
			name = Debug;
		};
		02CD3D8D1D88C4CC00B4CC4C /* Release */ = {
			isa = XCBuildConfiguration;
			buildSettings = {
				PRODUCT_NAME = "$(TARGET_NAME)";
			};
			name = Release;
		};
/* End XCBuildConfiguration section */

/* Begin XCConfigurationList section */
		02CD3D7F1D88C4CC00B4CC4C /* Build configuration list for PBXProject "lab3 chk2" */ = {
			isa = XCConfigurationList;
			buildConfigurations = (
				02CD3D891D88C4CC00B4CC4C /* Debug */,
				02CD3D8A1D88C4CC00B4CC4C /* Release */,
			);
			defaultConfigurationIsVisible = 0;
			defaultConfigurationName = Release;
		};
		02CD3D8B1D88C4CC00B4CC4C /* Build configuration list for PBXNativeTarget "lab3 chk2" */ = {
			isa = XCConfigurationList;
			buildConfigurations = (
				02CD3D8C1D88C4CC00B4CC4C /* Debug */,
				02CD3D8D1D88C4CC00B4CC4C /* Release */,
			);
			defaultConfigurationIsVisible = 0;
			defaultConfigurationName = Release;
		};
/* End XCConfigurationList section */
	};
	rootObject = 02CD3D7C1D88C4CC00B4CC4C /* Project object */;
}
