<?xml version="1.0" encoding="UTF-8"?>
<Scheme
   LastUpgradeVersion = "0810"
   version = "1.3">
   <BuildAction
      parallelizeBuildables = "YES"
      buildImplicitDependencies = "YES">
      <BuildActionEntries>
         <BuildActionEntry
            buildForTesting = "YES"
            buildForRunning = "YES"
            buildForProfiling = "YES"
            buildForArchiving = "YES"
            buildForAnalyzing = "YES">
            <BuildableReference
               BuildableIdentifier = "primary"
               BlueprintIdentifier = "023CD33F1DE264FF000CAD71"
               BuildableName = "hw9"
               BlueprintName = "hw9"
               ReferencedContainer = "container:hw9.xcodeproj">
            </BuildableReference>
         </BuildActionEntry>
      </BuildActionEntries>
   </BuildAction>
   <TestAction
      buildConfiguration = "Debug"
      selectedDebuggerIdentifier = "Xcode.DebuggerFoundation.Debugger.LLDB"
      selectedLauncherIdentifier = "Xcode.DebuggerFoundation.Launcher.LLDB"
      shouldUseLaunchSchemeArgsEnv = "YES">
      <Testables>
      </Testables>
      <MacroExpansion>
         <BuildableReference
            BuildableIdentifier = "primary"
            BlueprintIdentifier = "023CD33F1DE264FF000CAD71"
            BuildableName = "hw9"
            BlueprintName = "hw9"
            ReferencedContainer = "container:hw9.xcodeproj">
         </BuildableReference>
      </MacroExpansion>
      <AdditionalOptions>
      </AdditionalOptions>
   </TestAction>
   <LaunchAction
      buildConfiguration = "Debug"
      selectedDebuggerIdentifier = "Xcode.DebuggerFoundation.Debugger.LLDB"
      selectedLauncherIdentifier = "Xcode.DebuggerFoundation.Launcher.LLDB"
      launchStyle = "0"
      useCustomWorkingDirectory = "NO"
      ignoresPersistentStateOnLaunch = "NO"
      debugDocumentVersioning = "YES"
      debugServiceExtension = "internal"
      allowLocationSimulation = "YES">
      <BuildableProductRunnable
         runnableDebuggingMode = "0">
         <BuildableReference
            BuildableIdentifier = "primary"
            BlueprintIdentifier = "023CD33F1DE264FF000CAD71"
            BuildableName = "hw9"
            BlueprintName = "hw9"
            ReferencedContainer = "container:hw9.xcodeproj">
         </BuildableReference>
      </BuildableProductRunnable>
      <CommandLineArguments>
         <CommandLineArgument
            argument = "-method"
            isEnabled = "YES">
         </CommandLineArgument>
         <CommandLineArgument
            argument = "hashtable"
            isEnabled = "YES">
         </CommandLineArgument>
         <CommandLineArgument
            argument = "-seed"
            isEnabled = "YES">
         </CommandLineArgument>
         <CommandLineArgument
            argument = "10"
            isEnabled = "YES">
         </CommandLineArgument>
         <CommandLineArgument
            argument = "-table"
            isEnabled = "YES">
         </CommandLineArgument>
         <CommandLineArgument
            argument = "1000000"
            isEnabled = "YES">
         </CommandLineArgument>
         <CommandLineArgument
            argument = "-compare"
            isEnabled = "YES">
         </CommandLineArgument>
         <CommandLineArgument
            argument = "0.01"
            isEnabled = "YES">
         </CommandLineArgument>
         <CommandLineArgument
            argument = "marbles.pgm"
            isEnabled = "YES">
         </CommandLineArgument>
         <CommandLineArgument
            argument = "marbles_1.pgm"
            isEnabled = "YES">
         </CommandLineArgument>
         <CommandLineArgument
            argument = "marbles_2.pgm"
            isEnabled = "YES">
         </CommandLineArgument>
         <CommandLineArgument
            argument = "marbles_3.pgm"
            isEnabled = "YES">
         </CommandLineArgument>
      </CommandLineArguments>
      <AdditionalOptions>
      </AdditionalOptions>
   </LaunchAction>
   <ProfileAction
      buildConfiguration = "Release"
      shouldUseLaunchSchemeArgsEnv = "YES"
      savedToolIdentifier = ""
      useCustomWorkingDirectory = "NO"
      debugDocumentVersioning = "YES">
      <BuildableProductRunnable
         runnableDebuggingMode = "0">
         <BuildableReference
            BuildableIdentifier = "primary"
            BlueprintIdentifier = "023CD33F1DE264FF000CAD71"
            BuildableName = "hw9"
            BlueprintName = "hw9"
            ReferencedContainer = "container:hw9.xcodeproj">
         </BuildableReference>
      </BuildableProductRunnable>
   </ProfileAction>
   <AnalyzeAction
      buildConfiguration = "Debug">
   </AnalyzeAction>
   <ArchiveAction
      buildConfiguration = "Release"
      revealArchiveInOrganizer = "YES">
   </ArchiveAction>
</Scheme>
