// !$*UTF8*$!
{
	archiveVersion = 1;
	classes = {
	};
	objectVersion = 46;
	objects = {

/* Begin PBXBuildFile section */
		023CD3441DE26500000CAD71 /* main.cpp in Sources */ = {isa = PBXBuildFile; fileRef = 023CD3431DE26500000CAD71 /* main.cpp */; };
		023CD34E1DE26526000CAD71 /* image.cpp in Sources */ = {isa = PBXBuildFile; fileRef = 023CD34A1DE26526000CAD71 /* image.cpp */; };
		023CD34F1DE26526000CAD71 /* visualization.cpp in Sources */ = {isa = PBXBuildFile; fileRef = 023CD34C1DE26526000CAD71 /* visualization.cpp */; };
/* End PBXBuildFile section */

/* Begin PBXCopyFilesBuildPhase section */
		023CD33E1DE264FF000CAD71 /* CopyFiles */ = {
			isa = PBXCopyFilesBuildPhase;
			buildActionMask = 2147483647;
			dstPath = /usr/share/man/man1/;
			dstSubfolderSpec = 0;
			files = (
			);
			runOnlyForDeploymentPostprocessing = 1;
		};
/* End PBXCopyFilesBuildPhase section */

/* Begin PBXFileReference section */
		023CD3401DE264FF000CAD71 /* hw9 */ = {isa = PBXFileReference; explicitFileType = "compiled.mach-o.executable"; includeInIndex = 0; path = hw9; sourceTree = BUILT_PRODUCTS_DIR; };
		023CD3431DE26500000CAD71 /* main.cpp */ = {isa = PBXFileReference; lastKnownFileType = sourcecode.cpp.cpp; path = main.cpp; sourceTree = "<group>"; };
		023CD34A1DE26526000CAD71 /* image.cpp */ = {isa = PBXFileReference; fileEncoding = 4; lastKnownFileType = sourcecode.cpp.cpp; path = image.cpp; sourceTree = "<group>"; };
		023CD34B1DE26526000CAD71 /* image.h */ = {isa = PBXFileReference; fileEncoding = 4; lastKnownFileType = sourcecode.c.h; path = image.h; sourceTree = "<group>"; };
		023CD34C1DE26526000CAD71 /* visualization.cpp */ = {isa = PBXFileReference; fileEncoding = 4; lastKnownFileType = sourcecode.cpp.cpp; path = visualization.cpp; sourceTree = "<group>"; };
		023CD34D1DE26526000CAD71 /* visualization.h */ = {isa = PBXFileReference; fileEncoding = 4; lastKnownFileType = sourcecode.c.h; path = visualization.h; sourceTree = "<group>"; };
/* End PBXFileReference section */

/* Begin PBXFrameworksBuildPhase section */
		023CD33D1DE264FF000CAD71 /* Frameworks */ = {
			isa = PBXFrameworksBuildPhase;
			buildActionMask = 2147483647;
			files = (
			);
			runOnlyForDeploymentPostprocessing = 0;
		};
/* End PBXFrameworksBuildPhase section */

/* Begin PBXGroup section */
		023CD3371DE264FF000CAD71 = {
			isa = PBXGroup;
			children = (
				023CD3421DE264FF000CAD71 /* hw9 */,
				023CD3411DE264FF000CAD71 /* Products */,
			);
			sourceTree = "<group>";
		};
		023CD3411DE264FF000CAD71 /* Products */ = {
			isa = PBXGroup;
			children = (
				023CD3401DE264FF000CAD71 /* hw9 */,
			);
			name = Products;
			sourceTree = "<group>";
		};
		023CD3421DE264FF000CAD71 /* hw9 */ = {
			isa = PBXGroup;
			children = (
				023CD3431DE26500000CAD71 /* main.cpp */,
				023CD34A1DE26526000CAD71 /* image.cpp */,
				023CD34B1DE26526000CAD71 /* image.h */,
				023CD34C1DE26526000CAD71 /* visualization.cpp */,
				023CD34D1DE26526000CAD71 /* visualization.h */,
			);
			path = hw9;
			sourceTree = "<group>";
		};
/* End PBXGroup section */

/* Begin PBXNativeTarget section */
		023CD33F1DE264FF000CAD71 /* hw9 */ = {
			isa = PBXNativeTarget;
			buildConfigurationList = 023CD3471DE26500000CAD71 /* Build configuration list for PBXNativeTarget "hw9" */;
			buildPhases = (
				023CD33C1DE264FF000CAD71 /* Sources */,
				023CD33D1DE264FF000CAD71 /* Frameworks */,
				023CD33E1DE264FF000CAD71 /* CopyFiles */,
			);
			buildRules = (
			);
			dependencies = (
			);
			name = hw9;
			productName = hw9;
			productReference = 023CD3401DE264FF000CAD71 /* hw9 */;
			productType = "com.apple.product-type.tool";
		};
/* End PBXNativeTarget section */

/* Begin PBXProject section */
		023CD3381DE264FF000CAD71 /* Project object */ = {
			isa = PBXProject;
			attributes = {
				LastUpgradeCheck = 0810;
				ORGANIZATIONNAME = "KEXIN ZHU";
				TargetAttributes = {
					023CD33F1DE264FF000CAD71 = {
						CreatedOnToolsVersion = 8.1;
						ProvisioningStyle = Automatic;
					};
				};
			};
			buildConfigurationList = 023CD33B1DE264FF000CAD71 /* Build configuration list for PBXProject "hw9" */;
			compatibilityVersion = "Xcode 3.2";
			developmentRegion = English;
			hasScannedForEncodings = 0;
			knownRegions = (
				en,
			);
			mainGroup = 023CD3371DE264FF000CAD71;
			productRefGroup = 023CD3411DE264FF000CAD71 /* Products */;
			projectDirPath = "";
			projectRoot = "";
			targets = (
				023CD33F1DE264FF000CAD71 /* hw9 */,
			);
		};
/* End PBXProject section */

/* Begin PBXSourcesBuildPhase section */
		023CD33C1DE264FF000CAD71 /* Sources */ = {
			isa = PBXSourcesBuildPhase;
			buildActionMask = 2147483647;
			files = (
				023CD34F1DE26526000CAD71 /* visualization.cpp in Sources */,
				023CD3441DE26500000CAD71 /* main.cpp in Sources */,
				023CD34E1DE26526000CAD71 /* image.cpp in Sources */,
			);
			runOnlyForDeploymentPostprocessing = 0;
		};
/* End PBXSourcesBuildPhase section */

/* Begin XCBuildConfiguration section */
		023CD3451DE26500000CAD71 /* Debug */ = {
			isa = XCBuildConfiguration;
			buildSettings = {
				ALWAYS_SEARCH_USER_PATHS = NO;
				CLANG_ANALYZER_NONNULL = YES;
				CLANG_CXX_LANGUAGE_STANDARD = "gnu++0x";
				CLANG_CXX_LIBRARY = "libc++";
				CLANG_ENABLE_MODULES = YES;
				CLANG_ENABLE_OBJC_ARC = YES;
				CLANG_WARN_BOOL_CONVERSION = YES;
				CLANG_WARN_CONSTANT_CONVERSION = YES;
				CLANG_WARN_DIRECT_OBJC_ISA_USAGE = YES_ERROR;
				CLANG_WARN_DOCUMENTATION_COMMENTS = YES;
				CLANG_WARN_EMPTY_BODY = YES;
				CLANG_WARN_ENUM_CONVERSION = YES;
				CLANG_WARN_INFINITE_RECURSION = YES;
				CLANG_WARN_INT_CONVERSION = YES;
				CLANG_WARN_OBJC_ROOT_CLASS = YES_ERROR;
				CLANG_WARN_SUSPICIOUS_MOVES = YES;
				CLANG_WARN_UNREACHABLE_CODE = YES;
				CLANG_WARN__DUPLICATE_METHOD_MATCH = YES;
				CODE_SIGN_IDENTITY = "-";
				COPY_PHASE_STRIP = NO;
				DEBUG_INFORMATION_FORMAT = dwarf;
				ENABLE_STRICT_OBJC_MSGSEND = YES;
				ENABLE_TESTABILITY = YES;
				GCC_C_LANGUAGE_STANDARD = gnu99;
				GCC_DYNAMIC_NO_PIC = NO;
				GCC_NO_COMMON_BLOCKS = YES;
				GCC_OPTIMIZATION_LEVEL = 0;
				GCC_PREPROCESSOR_DEFINITIONS = (
					"DEBUG=1",
					"$(inherited)",
				);
				GCC_WARN_64_TO_32_BIT_CONVERSION = YES;
				GCC_WARN_ABOUT_RETURN_TYPE = YES_ERROR;
				GCC_WARN_UNDECLARED_SELECTOR = YES;
				GCC_WARN_UNINITIALIZED_AUTOS = YES_AGGRESSIVE;
				GCC_WARN_UNUSED_FUNCTION = YES;
				GCC_WARN_UNUSED_VARIABLE = YES;
				MACOSX_DEPLOYMENT_TARGET = 10.12;
				MTL_ENABLE_DEBUG_INFO = YES;
				ONLY_ACTIVE_ARCH = YES;
				SDKROOT = macosx;
			};
			name = Debug;
		};
		023CD3461DE26500000CAD71 /* Release */ = {
			isa = XCBuildConfiguration;
			buildSettings = {
				ALWAYS_SEARCH_USER_PATHS = NO;
				CLANG_ANALYZER_NONNULL = YES;
				CLANG_CXX_LANGUAGE_STANDARD = "gnu++0x";
				CLANG_CXX_LIBRARY = "libc++";
				CLANG_ENABLE_MODULES = YES;
				CLANG_ENABLE_OBJC_ARC = YES;
				CLANG_WARN_BOOL_CONVERSION = YES;
				CLANG_WARN_CONSTANT_CONVERSION = YES;
				CLANG_WARN_DIRECT_OBJC_ISA_USAGE = YES_ERROR;
				CLANG_WARN_DOCUMENTATION_COMMENTS = YES;
				CLANG_WARN_EMPTY_BODY = YES;
				CLANG_WARN_ENUM_CONVERSION = YES;
				CLANG_WARN_INFINITE_RECURSION = YES;
				CLANG_WARN_INT_CONVERSION = YES;
				CLANG_WARN_OBJC_ROOT_CLASS = YES_ERROR;
				CLANG_WARN_SUSPICIOUS_MOVES = YES;
				CLANG_WARN_UNREACHABLE_CODE = YES;
				CLANG_WARN__DUPLICATE_METHOD_MATCH = YES;
				CODE_SIGN_IDENTITY = "-";
				COPY_PHASE_STRIP = NO;
				DEBUG_INFORMATION_FORMAT = "dwarf-with-dsym";
				ENABLE_NS_ASSERTIONS = NO;
				ENABLE_STRICT_OBJC_MSGSEND = YES;
				GCC_C_LANGUAGE_STANDARD = gnu99;
				GCC_NO_COMMON_BLOCKS = YES;
				GCC_WARN_64_TO_32_BIT_CONVERSION = YES;
				GCC_WARN_ABOUT_RETURN_TYPE = YES_ERROR;
				GCC_WARN_UNDECLARED_SELECTOR = YES;
				GCC_WARN_UNINITIALIZED_AUTOS = YES_AGGRESSIVE;
				GCC_WARN_UNUSED_FUNCTION = YES;
				GCC_WARN_UNUSED_VARIABLE = YES;
				MACOSX_DEPLOYMENT_TARGET = 10.12;
				MTL_ENABLE_DEBUG_INFO = NO;
				SDKROOT = macosx;
			};
			name = Release;
		};
		023CD3481DE26500000CAD71 /* Debug */ = {
			isa = XCBuildConfiguration;
			buildSettings = {
				PRODUCT_NAME = "$(TARGET_NAME)";
			};
			name = Debug;
		};
		023CD3491DE26500000CAD71 /* Release */ = {
			isa = XCBuildConfiguration;
			buildSettings = {
				PRODUCT_NAME = "$(TARGET_NAME)";
			};
			name = Release;
		};
/* End XCBuildConfiguration section */

/* Begin XCConfigurationList section */
		023CD33B1DE264FF000CAD71 /* Build configuration list for PBXProject "hw9" */ = {
			isa = XCConfigurationList;
			buildConfigurations = (
				023CD3451DE26500000CAD71 /* Debug */,
				023CD3461DE26500000CAD71 /* Release */,
			);
			defaultConfigurationIsVisible = 0;
			defaultConfigurationName = Release;
		};
		023CD3471DE26500000CAD71 /* Build configuration list for PBXNativeTarget "hw9" */ = {
			isa = XCConfigurationList;
			buildConfigurations = (
				023CD3481DE26500000CAD71 /* Debug */,
				023CD3491DE26500000CAD71 /* Release */,
			);
			defaultConfigurationIsVisible = 0;
			defaultConfigurationName = Release;
		};
/* End XCConfigurationList section */
	};
	rootObject = 023CD3381DE264FF000CAD71 /* Project object */;
}
