// !$*UTF8*$!
{
	archiveVersion = 1;
	classes = {
	};
	objectVersion = 46;
	objects = {

/* Begin PBXBuildFile section */
		021B7B101DF35BF900C12AD0 /* main.cpp in Sources */ = {isa = PBXBuildFile; fileRef = 021B7B0E1DF35BF900C12AD0 /* main.cpp */; };
		0224172F1DF37126009655C9 /* polygons.cpp in Sources */ = {isa = PBXBuildFile; fileRef = 0224172E1DF37126009655C9 /* polygons.cpp */; };
/* End PBXBuildFile section */

/* Begin PBXCopyFilesBuildPhase section */
		021B7B021DF35BD600C12AD0 /* CopyFiles */ = {
			isa = PBXCopyFilesBuildPhase;
			buildActionMask = 2147483647;
			dstPath = /usr/share/man/man1/;
			dstSubfolderSpec = 0;
			files = (
			);
			runOnlyForDeploymentPostprocessing = 1;
		};
/* End PBXCopyFilesBuildPhase section */

/* Begin PBXFileReference section */
		021B7B041DF35BD600C12AD0 /* hw10 */ = {isa = PBXFileReference; explicitFileType = "compiled.mach-o.executable"; includeInIndex = 0; path = hw10; sourceTree = BUILT_PRODUCTS_DIR; };
		021B7B0E1DF35BF900C12AD0 /* main.cpp */ = {isa = PBXFileReference; fileEncoding = 4; lastKnownFileType = sourcecode.cpp.cpp; name = main.cpp; path = ../../main.cpp; sourceTree = "<group>"; };
		021B7B0F1DF35BF900C12AD0 /* utilities.h */ = {isa = PBXFileReference; fileEncoding = 4; lastKnownFileType = sourcecode.c.h; name = utilities.h; path = ../../utilities.h; sourceTree = "<group>"; };
		021B7B111DF35C6300C12AD0 /* polygons.h */ = {isa = PBXFileReference; lastKnownFileType = sourcecode.c.h; name = polygons.h; path = ../../polygons.h; sourceTree = "<group>"; };
		0224172E1DF37126009655C9 /* polygons.cpp */ = {isa = PBXFileReference; fileEncoding = 4; lastKnownFileType = sourcecode.cpp.cpp; name = polygons.cpp; path = ../../polygons.cpp; sourceTree = "<group>"; };
/* End PBXFileReference section */

/* Begin PBXFrameworksBuildPhase section */
		021B7B011DF35BD600C12AD0 /* Frameworks */ = {
			isa = PBXFrameworksBuildPhase;
			buildActionMask = 2147483647;
			files = (
			);
			runOnlyForDeploymentPostprocessing = 0;
		};
/* End PBXFrameworksBuildPhase section */

/* Begin PBXGroup section */
		021B7AFB1DF35BD600C12AD0 = {
			isa = PBXGroup;
			children = (
				021B7B061DF35BD600C12AD0 /* hw10 */,
				021B7B051DF35BD600C12AD0 /* Products */,
			);
			sourceTree = "<group>";
		};
		021B7B051DF35BD600C12AD0 /* Products */ = {
			isa = PBXGroup;
			children = (
				021B7B041DF35BD600C12AD0 /* hw10 */,
			);
			name = Products;
			sourceTree = "<group>";
		};
		021B7B061DF35BD600C12AD0 /* hw10 */ = {
			isa = PBXGroup;
			children = (
				021B7B111DF35C6300C12AD0 /* polygons.h */,
				021B7B0E1DF35BF900C12AD0 /* main.cpp */,
				021B7B0F1DF35BF900C12AD0 /* utilities.h */,
				0224172E1DF37126009655C9 /* polygons.cpp */,
			);
			path = hw10;
			sourceTree = "<group>";
		};
/* End PBXGroup section */

/* Begin PBXNativeTarget section */
		021B7B031DF35BD600C12AD0 /* hw10 */ = {
			isa = PBXNativeTarget;
			buildConfigurationList = 021B7B0B1DF35BD600C12AD0 /* Build configuration list for PBXNativeTarget "hw10" */;
			buildPhases = (
				021B7B001DF35BD600C12AD0 /* Sources */,
				021B7B011DF35BD600C12AD0 /* Frameworks */,
				021B7B021DF35BD600C12AD0 /* CopyFiles */,
			);
			buildRules = (
			);
			dependencies = (
			);
			name = hw10;
			productName = hw10;
			productReference = 021B7B041DF35BD600C12AD0 /* hw10 */;
			productType = "com.apple.product-type.tool";
		};
/* End PBXNativeTarget section */

/* Begin PBXProject section */
		021B7AFC1DF35BD600C12AD0 /* Project object */ = {
			isa = PBXProject;
			attributes = {
				LastUpgradeCheck = 0810;
				ORGANIZATIONNAME = "KEXIN ZHU";
				TargetAttributes = {
					021B7B031DF35BD600C12AD0 = {
						CreatedOnToolsVersion = 8.1;
						ProvisioningStyle = Automatic;
					};
				};
			};
			buildConfigurationList = 021B7AFF1DF35BD600C12AD0 /* Build configuration list for PBXProject "hw10" */;
			compatibilityVersion = "Xcode 3.2";
			developmentRegion = English;
			hasScannedForEncodings = 0;
			knownRegions = (
				en,
			);
			mainGroup = 021B7AFB1DF35BD600C12AD0;
			productRefGroup = 021B7B051DF35BD600C12AD0 /* Products */;
			projectDirPath = "";
			projectRoot = "";
			targets = (
				021B7B031DF35BD600C12AD0 /* hw10 */,
			);
		};
/* End PBXProject section */

/* Begin PBXSourcesBuildPhase section */
		021B7B001DF35BD600C12AD0 /* Sources */ = {
			isa = PBXSourcesBuildPhase;
			buildActionMask = 2147483647;
			files = (
				0224172F1DF37126009655C9 /* polygons.cpp in Sources */,
				021B7B101DF35BF900C12AD0 /* main.cpp in Sources */,
			);
			runOnlyForDeploymentPostprocessing = 0;
		};
/* End PBXSourcesBuildPhase section */

/* Begin XCBuildConfiguration section */
		021B7B091DF35BD600C12AD0 /* Debug */ = {
			isa = XCBuildConfiguration;
			buildSettings = {
				ALWAYS_SEARCH_USER_PATHS = NO;
				CLANG_ANALYZER_NONNULL = YES;
				CLANG_CXX_LANGUAGE_STANDARD = "gnu++0x";
				CLANG_CXX_LIBRARY = "libc++";
				CLANG_ENABLE_MODULES = YES;
				CLANG_ENABLE_OBJC_ARC = YES;
				CLANG_WARN_BOOL_CONVERSION = YES;
				CLANG_WARN_CONSTANT_CONVERSION = YES;
				CLANG_WARN_DIRECT_OBJC_ISA_USAGE = YES_ERROR;
				CLANG_WARN_DOCUMENTATION_COMMENTS = YES;
				CLANG_WARN_EMPTY_BODY = YES;
				CLANG_WARN_ENUM_CONVERSION = YES;
				CLANG_WARN_INFINITE_RECURSION = YES;
				CLANG_WARN_INT_CONVERSION = YES;
				CLANG_WARN_OBJC_ROOT_CLASS = YES_ERROR;
				CLANG_WARN_SUSPICIOUS_MOVES = YES;
				CLANG_WARN_UNREACHABLE_CODE = YES;
				CLANG_WARN__DUPLICATE_METHOD_MATCH = YES;
				CODE_SIGN_IDENTITY = "-";
				COPY_PHASE_STRIP = NO;
				DEBUG_INFORMATION_FORMAT = dwarf;
				ENABLE_STRICT_OBJC_MSGSEND = YES;
				ENABLE_TESTABILITY = YES;
				GCC_C_LANGUAGE_STANDARD = gnu99;
				GCC_DYNAMIC_NO_PIC = NO;
				GCC_NO_COMMON_BLOCKS = YES;
				GCC_OPTIMIZATION_LEVEL = 0;
				GCC_PREPROCESSOR_DEFINITIONS = (
					"DEBUG=1",
					"$(inherited)",
				);
				GCC_WARN_64_TO_32_BIT_CONVERSION = YES;
				GCC_WARN_ABOUT_RETURN_TYPE = YES_ERROR;
				GCC_WARN_UNDECLARED_SELECTOR = YES;
				GCC_WARN_UNINITIALIZED_AUTOS = YES_AGGRESSIVE;
				GCC_WARN_UNUSED_FUNCTION = YES;
				GCC_WARN_UNUSED_VARIABLE = YES;
				MACOSX_DEPLOYMENT_TARGET = 10.12;
				MTL_ENABLE_DEBUG_INFO = YES;
				ONLY_ACTIVE_ARCH = YES;
				SDKROOT = macosx;
			};
			name = Debug;
		};
		021B7B0A1DF35BD600C12AD0 /* Release */ = {
			isa = XCBuildConfiguration;
			buildSettings = {
				ALWAYS_SEARCH_USER_PATHS = NO;
				CLANG_ANALYZER_NONNULL = YES;
				CLANG_CXX_LANGUAGE_STANDARD = "gnu++0x";
				CLANG_CXX_LIBRARY = "libc++";
				CLANG_ENABLE_MODULES = YES;
				CLANG_ENABLE_OBJC_ARC = YES;
				CLANG_WARN_BOOL_CONVERSION = YES;
				CLANG_WARN_CONSTANT_CONVERSION = YES;
				CLANG_WARN_DIRECT_OBJC_ISA_USAGE = YES_ERROR;
				CLANG_WARN_DOCUMENTATION_COMMENTS = YES;
				CLANG_WARN_EMPTY_BODY = YES;
				CLANG_WARN_ENUM_CONVERSION = YES;
				CLANG_WARN_INFINITE_RECURSION = YES;
				CLANG_WARN_INT_CONVERSION = YES;
				CLANG_WARN_OBJC_ROOT_CLASS = YES_ERROR;
				CLANG_WARN_SUSPICIOUS_MOVES = YES;
				CLANG_WARN_UNREACHABLE_CODE = YES;
				CLANG_WARN__DUPLICATE_METHOD_MATCH = YES;
				CODE_SIGN_IDENTITY = "-";
				COPY_PHASE_STRIP = NO;
				DEBUG_INFORMATION_FORMAT = "dwarf-with-dsym";
				ENABLE_NS_ASSERTIONS = NO;
				ENABLE_STRICT_OBJC_MSGSEND = YES;
				GCC_C_LANGUAGE_STANDARD = gnu99;
				GCC_NO_COMMON_BLOCKS = YES;
				GCC_WARN_64_TO_32_BIT_CONVERSION = YES;
				GCC_WARN_ABOUT_RETURN_TYPE = YES_ERROR;
				GCC_WARN_UNDECLARED_SELECTOR = YES;
				GCC_WARN_UNINITIALIZED_AUTOS = YES_AGGRESSIVE;
				GCC_WARN_UNUSED_FUNCTION = YES;
				GCC_WARN_UNUSED_VARIABLE = YES;
				MACOSX_DEPLOYMENT_TARGET = 10.12;
				MTL_ENABLE_DEBUG_INFO = NO;
				SDKROOT = macosx;
			};
			name = Release;
		};
		021B7B0C1DF35BD600C12AD0 /* Debug */ = {
			isa = XCBuildConfiguration;
			buildSettings = {
				PRODUCT_NAME = "$(TARGET_NAME)";
			};
			name = Debug;
		};
		021B7B0D1DF35BD600C12AD0 /* Release */ = {
			isa = XCBuildConfiguration;
			buildSettings = {
				PRODUCT_NAME = "$(TARGET_NAME)";
			};
			name = Release;
		};
/* End XCBuildConfiguration section */

/* Begin XCConfigurationList section */
		021B7AFF1DF35BD600C12AD0 /* Build configuration list for PBXProject "hw10" */ = {
			isa = XCConfigurationList;
			buildConfigurations = (
				021B7B091DF35BD600C12AD0 /* Debug */,
				021B7B0A1DF35BD600C12AD0 /* Release */,
			);
			defaultConfigurationIsVisible = 0;
			defaultConfigurationName = Release;
		};
		021B7B0B1DF35BD600C12AD0 /* Build configuration list for PBXNativeTarget "hw10" */ = {
			isa = XCConfigurationList;
			buildConfigurations = (
				021B7B0C1DF35BD600C12AD0 /* Debug */,
				021B7B0D1DF35BD600C12AD0 /* Release */,
			);
			defaultConfigurationIsVisible = 0;
			defaultConfigurationName = Release;
		};
/* End XCConfigurationList section */
	};
	rootObject = 021B7AFC1DF35BD600C12AD0 /* Project object */;
}
